
Microsoft Visual Studio Solution File, Format Version 12.00
# Visual Studio Version 17
VisualStudioVersion = 17.12.35728.132
MinimumVisualStudioVersion = 10.0.40219.1
Project("{2150E333-8FDC-42A3-9474-1A3956D46DE8}") = "src", "src", "{7D395F12-766A-4987-AE53-E7C3E17F4391}"
EndProject
Project("{2150E333-8FDC-42A3-9474-1A3956D46DE8}") = "00.FrameWorks", "00.FrameWorks", "{53759F04-9199-4CCD-B84C-607BB05556A5}"
EndProject
Project("{2150E333-8FDC-42A3-9474-1A3956D46DE8}") = "01.Domain", "01.Domain", "{1ABE48E0-AF47-43B6-BE6D-15E2B7A6442C}"
EndProject
Project("{2150E333-8FDC-42A3-9474-1A3956D46DE8}") = "02.Infrastructure", "02.Infrastructure", "{95594BF3-2A08-4836-BD2C-1A8ADAAD6B45}"
EndProject
Project("{2150E333-8FDC-42A3-9474-1A3956D46DE8}") = "03.EndPoint", "03.EndPoint", "{9EE42E24-6BFE-4AB6-8FBA-A6A52EE7F038}"
EndProject
Project("{2150E333-8FDC-42A3-9474-1A3956D46DE8}") = "Core", "Core", "{906FFDD0-685C-499D-BC9D-2B9EA4AABF98}"
EndProject
Project("{2150E333-8FDC-42A3-9474-1A3956D46DE8}") = "Services", "Services", "{8D6D06DF-0079-486E-98ED-926C77F32EEC}"
EndProject
Project("{FAE04EC0-301F-11D3-BF4B-00C04F79EFBC}") = "App.src.Domain.Core", "src\01.Domain\Core\App.src.Domain.Core\App.src.Domain.Core.csproj", "{0EE762C7-543E-41BB-B38C-5C3194524A1B}"
EndProject
Project("{2150E333-8FDC-42A3-9474-1A3956D46DE8}") = "DataAcces", "DataAcces", "{F62E7464-3D92-4430-8506-639FC967C98D}"
EndProject
Project("{2150E333-8FDC-42A3-9474-1A3956D46DE8}") = "DataBase", "DataBase", "{D297EA13-ABC8-4568-99D9-ECFDEBE80C4A}"
EndProject
Project("{FAE04EC0-301F-11D3-BF4B-00C04F79EFBC}") = "App.Infrastructure.DataAccess.Repository.Ef", "src\02.Infrastructure\DataAcces\App.Infrastructure.DataAccess.Repository.Ef\App.Infrastructure.DataAccess.Repository.Ef.csproj", "{12576901-962D-467B-8B55-F184BC99C35B}"
EndProject
Project("{FAE04EC0-301F-11D3-BF4B-00C04F79EFBC}") = "App.Infrastructure.Db.SqlServer.Ef", "src\02.Infrastructure\DbContext\App.Infrastructure.Db.SqlServer.Ef\App.Infrastructure.Db.SqlServer.Ef.csproj", "{C3B33163-47BD-42D1-9479-FE1C4E9D790C}"
EndProject
Project("{FAE04EC0-301F-11D3-BF4B-00C04F79EFBC}") = "App.Domain.Services.Services", "src\01.Domain\Services\HomeService.Domain.Services.Services\App.Domain.Services.Services.csproj", "{A0EDE3D1-3CF2-4839-80D4-55D282348391}"
EndProject
Project("{FAE04EC0-301F-11D3-BF4B-00C04F79EFBC}") = "App.Domain.Services.AppServices", "src\01.Domain\Services\HomeService.Domain.Services.AppServices\App.Domain.Services.AppServices.csproj", "{AC16FDED-F5F8-4B2D-A6B1-1667773C7FC4}"
EndProject
Project("{FAE04EC0-301F-11D3-BF4B-00C04F79EFBC}") = "Framework", "src\00.FrameWork\Framework\Framework.csproj", "{0DBA0455-3266-4729-8867-416552964AD5}"
EndProject
Project("{FAE04EC0-301F-11D3-BF4B-00C04F79EFBC}") = "App.Endpoints.RazorPages", "src\03.EndPiont\App.Endpoints.RazorPages\App.Endpoints.RazorPages.csproj", "{7007B797-8C56-4E12-B647-674331CF4780}"
EndProject
Global
	GlobalSection(SolutionConfigurationPlatforms) = preSolution
		Debug|Any CPU = Debug|Any CPU
		Release|Any CPU = Release|Any CPU
	EndGlobalSection
	GlobalSection(ProjectConfigurationPlatforms) = postSolution
		{0EE762C7-543E-41BB-B38C-5C3194524A1B}.Debug|Any CPU.ActiveCfg = Debug|Any CPU
		{0EE762C7-543E-41BB-B38C-5C3194524A1B}.Debug|Any CPU.Build.0 = Debug|Any CPU
		{0EE762C7-543E-41BB-B38C-5C3194524A1B}.Release|Any CPU.ActiveCfg = Release|Any CPU
		{0EE762C7-543E-41BB-B38C-5C3194524A1B}.Release|Any CPU.Build.0 = Release|Any CPU
		{12576901-962D-467B-8B55-F184BC99C35B}.Debug|Any CPU.ActiveCfg = Debug|Any CPU
		{12576901-962D-467B-8B55-F184BC99C35B}.Debug|Any CPU.Build.0 = Debug|Any CPU
		{12576901-962D-467B-8B55-F184BC99C35B}.Release|Any CPU.ActiveCfg = Release|Any CPU
		{12576901-962D-467B-8B55-F184BC99C35B}.Release|Any CPU.Build.0 = Release|Any CPU
		{C3B33163-47BD-42D1-9479-FE1C4E9D790C}.Debug|Any CPU.ActiveCfg = Debug|Any CPU
		{C3B33163-47BD-42D1-9479-FE1C4E9D790C}.Debug|Any CPU.Build.0 = Debug|Any CPU
		{C3B33163-47BD-42D1-9479-FE1C4E9D790C}.Release|Any CPU.ActiveCfg = Release|Any CPU
		{C3B33163-47BD-42D1-9479-FE1C4E9D790C}.Release|Any CPU.Build.0 = Release|Any CPU
		{A0EDE3D1-3CF2-4839-80D4-55D282348391}.Debug|Any CPU.ActiveCfg = Debug|Any CPU
		{A0EDE3D1-3CF2-4839-80D4-55D282348391}.Debug|Any CPU.Build.0 = Debug|Any CPU
		{A0EDE3D1-3CF2-4839-80D4-55D282348391}.Release|Any CPU.ActiveCfg = Release|Any CPU
		{A0EDE3D1-3CF2-4839-80D4-55D282348391}.Release|Any CPU.Build.0 = Release|Any CPU
		{AC16FDED-F5F8-4B2D-A6B1-1667773C7FC4}.Debug|Any CPU.ActiveCfg = Debug|Any CPU
		{AC16FDED-F5F8-4B2D-A6B1-1667773C7FC4}.Debug|Any CPU.Build.0 = Debug|Any CPU
		{AC16FDED-F5F8-4B2D-A6B1-1667773C7FC4}.Release|Any CPU.ActiveCfg = Release|Any CPU
		{AC16FDED-F5F8-4B2D-A6B1-1667773C7FC4}.Release|Any CPU.Build.0 = Release|Any CPU
		{0DBA0455-3266-4729-8867-416552964AD5}.Debug|Any CPU.ActiveCfg = Debug|Any CPU
		{0DBA0455-3266-4729-8867-416552964AD5}.Debug|Any CPU.Build.0 = Debug|Any CPU
		{0DBA0455-3266-4729-8867-416552964AD5}.Release|Any CPU.ActiveCfg = Release|Any CPU
		{0DBA0455-3266-4729-8867-416552964AD5}.Release|Any CPU.Build.0 = Release|Any CPU
		{7007B797-8C56-4E12-B647-674331CF4780}.Debug|Any CPU.ActiveCfg = Debug|Any CPU
		{7007B797-8C56-4E12-B647-674331CF4780}.Debug|Any CPU.Build.0 = Debug|Any CPU
		{7007B797-8C56-4E12-B647-674331CF4780}.Release|Any CPU.ActiveCfg = Release|Any CPU
		{7007B797-8C56-4E12-B647-674331CF4780}.Release|Any CPU.Build.0 = Release|Any CPU
	EndGlobalSection
	GlobalSection(SolutionProperties) = preSolution
		HideSolutionNode = FALSE
	EndGlobalSection
	GlobalSection(NestedProjects) = preSolution
		{53759F04-9199-4CCD-B84C-607BB05556A5} = {7D395F12-766A-4987-AE53-E7C3E17F4391}
		{1ABE48E0-AF47-43B6-BE6D-15E2B7A6442C} = {7D395F12-766A-4987-AE53-E7C3E17F4391}
		{95594BF3-2A08-4836-BD2C-1A8ADAAD6B45} = {7D395F12-766A-4987-AE53-E7C3E17F4391}
		{9EE42E24-6BFE-4AB6-8FBA-A6A52EE7F038} = {7D395F12-766A-4987-AE53-E7C3E17F4391}
		{906FFDD0-685C-499D-BC9D-2B9EA4AABF98} = {1ABE48E0-AF47-43B6-BE6D-15E2B7A6442C}
		{8D6D06DF-0079-486E-98ED-926C77F32EEC} = {1ABE48E0-AF47-43B6-BE6D-15E2B7A6442C}
		{0EE762C7-543E-41BB-B38C-5C3194524A1B} = {906FFDD0-685C-499D-BC9D-2B9EA4AABF98}
		{F62E7464-3D92-4430-8506-639FC967C98D} = {95594BF3-2A08-4836-BD2C-1A8ADAAD6B45}
		{D297EA13-ABC8-4568-99D9-ECFDEBE80C4A} = {95594BF3-2A08-4836-BD2C-1A8ADAAD6B45}
		{12576901-962D-467B-8B55-F184BC99C35B} = {F62E7464-3D92-4430-8506-639FC967C98D}
		{C3B33163-47BD-42D1-9479-FE1C4E9D790C} = {D297EA13-ABC8-4568-99D9-ECFDEBE80C4A}
		{A0EDE3D1-3CF2-4839-80D4-55D282348391} = {8D6D06DF-0079-486E-98ED-926C77F32EEC}
		{AC16FDED-F5F8-4B2D-A6B1-1667773C7FC4} = {8D6D06DF-0079-486E-98ED-926C77F32EEC}
		{0DBA0455-3266-4729-8867-416552964AD5} = {53759F04-9199-4CCD-B84C-607BB05556A5}
		{7007B797-8C56-4E12-B647-674331CF4780} = {9EE42E24-6BFE-4AB6-8FBA-A6A52EE7F038}
	EndGlobalSection
EndGlobal
